// !$*UTF8*$!
{
	archiveVersion = 1;
	classes = {
	};
	objectVersion = 56;
	objects = {

/* Begin PBXBuildFile section */
		725F8DD82A94391B009462D0 /* AppDelegate.swift in Sources */ = {isa = PBXBuildFile; fileRef = 725F8DD72A94391B009462D0 /* AppDelegate.swift */; };
		725F8DDA2A94391B009462D0 /* SceneDelegate.swift in Sources */ = {isa = PBXBuildFile; fileRef = 725F8DD92A94391B009462D0 /* SceneDelegate.swift */; };
		725F8DDC2A94391B009462D0 /* ConstraintsViewController.swift in Sources */ = {isa = PBXBuildFile; fileRef = 725F8DDB2A94391B009462D0 /* ConstraintsViewController.swift */; };
		725F8DDF2A94391B009462D0 /* Main.storyboard in Resources */ = {isa = PBXBuildFile; fileRef = 725F8DDD2A94391B009462D0 /* Main.storyboard */; };
		725F8DE12A94391C009462D0 /* Assets.xcassets in Resources */ = {isa = PBXBuildFile; fileRef = 725F8DE02A94391C009462D0 /* Assets.xcassets */; };
		725F8DE42A94391C009462D0 /* LaunchScreen.storyboard in Resources */ = {isa = PBXBuildFile; fileRef = 725F8DE22A94391C009462D0 /* LaunchScreen.storyboard */; };
		725F8DED2A9445F2009462D0 /* SnapKit in Frameworks */ = {isa = PBXBuildFile; productRef = 725F8DEC2A9445F2009462D0 /* SnapKit */; };
		725F8DEF2A94464E009462D0 /* SnapViewController.swift in Sources */ = {isa = PBXBuildFile; fileRef = 725F8DEE2A94464E009462D0 /* SnapViewController.swift */; };
		725F8DF22A945CBD009462D0 /* TextViewController.swift in Sources */ = {isa = PBXBuildFile; fileRef = 725F8DF12A945CBD009462D0 /* TextViewController.swift */; };
		725F8DF82A947925009462D0 /* LocationViewController.swift in Sources */ = {isa = PBXBuildFile; fileRef = 725F8DF72A947925009462D0 /* LocationViewController.swift */; };
		725F8E0F2A94A5F6009462D0 /* Extension+UIView.swift in Sources */ = {isa = PBXBuildFile; fileRef = 725F8E0E2A94A5F6009462D0 /* Extension+UIView.swift */; };
		725F8E122A94A6ED009462D0 /* Example1ViewController.swift in Sources */ = {isa = PBXBuildFile; fileRef = 725F8E112A94A6ED009462D0 /* Example1ViewController.swift */; };
		725F8E152A94A891009462D0 /* ConfigureViewProtocol.swift in Sources */ = {isa = PBXBuildFile; fileRef = 725F8E142A94A891009462D0 /* ConfigureViewProtocol.swift */; };
		725F8E172A94AB7F009462D0 /* Example2ViewController.swift in Sources */ = {isa = PBXBuildFile; fileRef = 725F8E162A94AB7F009462D0 /* Example2ViewController.swift */; };
		725F8E1A2A94AF08009462D0 /* User.swift in Sources */ = {isa = PBXBuildFile; fileRef = 725F8E192A94AF08009462D0 /* User.swift */; };
		725F8E1E2A94C2B8009462D0 /* KakaoProfileButton.swift in Sources */ = {isa = PBXBuildFile; fileRef = 725F8E1D2A94C2B8009462D0 /* KakaoProfileButton.swift */; };
		725F8E202A94DAA8009462D0 /* Example3ViewController.swift in Sources */ = {isa = PBXBuildFile; fileRef = 725F8E1F2A94DAA8009462D0 /* Example3ViewController.swift */; };
		725F8E242A94DD6F009462D0 /* HeaderWeatherView.swift in Sources */ = {isa = PBXBuildFile; fileRef = 725F8E232A94DD6F009462D0 /* HeaderWeatherView.swift */; };
		725F8E262A94DD84009462D0 /* WeatherTableViewCell.swift in Sources */ = {isa = PBXBuildFile; fileRef = 725F8E252A94DD84009462D0 /* WeatherTableViewCell.swift */; };
		725F8E282A94DD92009462D0 /* Identifiable.swift in Sources */ = {isa = PBXBuildFile; fileRef = 725F8E272A94DD92009462D0 /* Identifiable.swift */; };
		725F8E2A2A94DDCB009462D0 /* Extension+UIViewController.swift in Sources */ = {isa = PBXBuildFile; fileRef = 725F8E292A94DDCB009462D0 /* Extension+UIViewController.swift */; };
		725F8E2C2A94EF55009462D0 /* Weather.swift in Sources */ = {isa = PBXBuildFile; fileRef = 725F8E2B2A94EF55009462D0 /* Weather.swift */; };
		725F8E332A950EAA009462D0 /* Alamofire in Frameworks */ = {isa = PBXBuildFile; productRef = 725F8E322A950EAA009462D0 /* Alamofire */; };
		725F8E352A951035009462D0 /* Example3ViewController+ConfigureUI.swift in Sources */ = {isa = PBXBuildFile; fileRef = 725F8E342A951035009462D0 /* Example3ViewController+ConfigureUI.swift */; };
		725F8E372A951052009462D0 /* Example3ViewController+TableView.swift in Sources */ = {isa = PBXBuildFile; fileRef = 725F8E362A951052009462D0 /* Example3ViewController+TableView.swift */; };
		725F8E392A951064009462D0 /* Example3ViewController+CLLocation.swift in Sources */ = {isa = PBXBuildFile; fileRef = 725F8E382A951064009462D0 /* Example3ViewController+CLLocation.swift */; };
		725F8E3C2A951B77009462D0 /* Kingfisher in Frameworks */ = {isa = PBXBuildFile; productRef = 725F8E3B2A951B77009462D0 /* Kingfisher */; };
		725F8E442A95EE0A009462D0 /* TheaterViewController.swift in Sources */ = {isa = PBXBuildFile; fileRef = 725F8E432A95EE0A009462D0 /* TheaterViewController.swift */; };
		725F8E462A95EE17009462D0 /* Theater.swift in Sources */ = {isa = PBXBuildFile; fileRef = 725F8E452A95EE17009462D0 /* Theater.swift */; };
/* End PBXBuildFile section */

/* Begin PBXFileReference section */
		725F8DD42A94391B009462D0 /* Week6.app */ = {isa = PBXFileReference; explicitFileType = wrapper.application; includeInIndex = 0; path = Week6.app; sourceTree = BUILT_PRODUCTS_DIR; };
		725F8DD72A94391B009462D0 /* AppDelegate.swift */ = {isa = PBXFileReference; lastKnownFileType = sourcecode.swift; path = AppDelegate.swift; sourceTree = "<group>"; };
		725F8DD92A94391B009462D0 /* SceneDelegate.swift */ = {isa = PBXFileReference; lastKnownFileType = sourcecode.swift; path = SceneDelegate.swift; sourceTree = "<group>"; };
		725F8DDB2A94391B009462D0 /* ConstraintsViewController.swift */ = {isa = PBXFileReference; lastKnownFileType = sourcecode.swift; path = ConstraintsViewController.swift; sourceTree = "<group>"; };
		725F8DDE2A94391B009462D0 /* Base */ = {isa = PBXFileReference; lastKnownFileType = file.storyboard; name = Base; path = Base.lproj/Main.storyboard; sourceTree = "<group>"; };
		725F8DE02A94391C009462D0 /* Assets.xcassets */ = {isa = PBXFileReference; lastKnownFileType = folder.assetcatalog; path = Assets.xcassets; sourceTree = "<group>"; };
		725F8DE32A94391C009462D0 /* Base */ = {isa = PBXFileReference; lastKnownFileType = file.storyboard; name = Base; path = Base.lproj/LaunchScreen.storyboard; sourceTree = "<group>"; };
		725F8DE52A94391C009462D0 /* Info.plist */ = {isa = PBXFileReference; lastKnownFileType = text.plist.xml; path = Info.plist; sourceTree = "<group>"; };
		725F8DEE2A94464E009462D0 /* SnapViewController.swift */ = {isa = PBXFileReference; lastKnownFileType = sourcecode.swift; path = SnapViewController.swift; sourceTree = "<group>"; };
		725F8DF12A945CBD009462D0 /* TextViewController.swift */ = {isa = PBXFileReference; lastKnownFileType = sourcecode.swift; path = TextViewController.swift; sourceTree = "<group>"; };
		725F8DF72A947925009462D0 /* LocationViewController.swift */ = {isa = PBXFileReference; lastKnownFileType = sourcecode.swift; path = LocationViewController.swift; sourceTree = "<group>"; };
		725F8E0E2A94A5F6009462D0 /* Extension+UIView.swift */ = {isa = PBXFileReference; lastKnownFileType = sourcecode.swift; path = "Extension+UIView.swift"; sourceTree = "<group>"; };
		725F8E112A94A6ED009462D0 /* Example1ViewController.swift */ = {isa = PBXFileReference; lastKnownFileType = sourcecode.swift; path = Example1ViewController.swift; sourceTree = "<group>"; };
		725F8E142A94A891009462D0 /* ConfigureViewProtocol.swift */ = {isa = PBXFileReference; lastKnownFileType = sourcecode.swift; path = ConfigureViewProtocol.swift; sourceTree = "<group>"; };
		725F8E162A94AB7F009462D0 /* Example2ViewController.swift */ = {isa = PBXFileReference; lastKnownFileType = sourcecode.swift; path = Example2ViewController.swift; sourceTree = "<group>"; };
		725F8E192A94AF08009462D0 /* User.swift */ = {isa = PBXFileReference; lastKnownFileType = sourcecode.swift; path = User.swift; sourceTree = "<group>"; };
		725F8E1D2A94C2B8009462D0 /* KakaoProfileButton.swift */ = {isa = PBXFileReference; lastKnownFileType = sourcecode.swift; path = KakaoProfileButton.swift; sourceTree = "<group>"; };
		725F8E1F2A94DAA8009462D0 /* Example3ViewController.swift */ = {isa = PBXFileReference; lastKnownFileType = sourcecode.swift; path = Example3ViewController.swift; sourceTree = "<group>"; };
		725F8E232A94DD6F009462D0 /* HeaderWeatherView.swift */ = {isa = PBXFileReference; lastKnownFileType = sourcecode.swift; path = HeaderWeatherView.swift; sourceTree = "<group>"; };
		725F8E252A94DD84009462D0 /* WeatherTableViewCell.swift */ = {isa = PBXFileReference; lastKnownFileType = sourcecode.swift; path = WeatherTableViewCell.swift; sourceTree = "<group>"; };
		725F8E272A94DD92009462D0 /* Identifiable.swift */ = {isa = PBXFileReference; lastKnownFileType = sourcecode.swift; path = Identifiable.swift; sourceTree = "<group>"; };
		725F8E292A94DDCB009462D0 /* Extension+UIViewController.swift */ = {isa = PBXFileReference; lastKnownFileType = sourcecode.swift; path = "Extension+UIViewController.swift"; sourceTree = "<group>"; };
		725F8E2B2A94EF55009462D0 /* Weather.swift */ = {isa = PBXFileReference; lastKnownFileType = sourcecode.swift; path = Weather.swift; sourceTree = "<group>"; };
		725F8E342A951035009462D0 /* Example3ViewController+ConfigureUI.swift */ = {isa = PBXFileReference; lastKnownFileType = sourcecode.swift; path = "Example3ViewController+ConfigureUI.swift"; sourceTree = "<group>"; };
		725F8E362A951052009462D0 /* Example3ViewController+TableView.swift */ = {isa = PBXFileReference; lastKnownFileType = sourcecode.swift; path = "Example3ViewController+TableView.swift"; sourceTree = "<group>"; };
		725F8E382A951064009462D0 /* Example3ViewController+CLLocation.swift */ = {isa = PBXFileReference; lastKnownFileType = sourcecode.swift; path = "Example3ViewController+CLLocation.swift"; sourceTree = "<group>"; };
		725F8E432A95EE0A009462D0 /* TheaterViewController.swift */ = {isa = PBXFileReference; lastKnownFileType = sourcecode.swift; path = TheaterViewController.swift; sourceTree = "<group>"; };
		725F8E452A95EE17009462D0 /* Theater.swift */ = {isa = PBXFileReference; lastKnownFileType = sourcecode.swift; path = Theater.swift; sourceTree = "<group>"; };
/* End PBXFileReference section */

/* Begin PBXFrameworksBuildPhase section */
		725F8DD12A94391B009462D0 /* Frameworks */ = {
			isa = PBXFrameworksBuildPhase;
			buildActionMask = 2147483647;
			files = (
				725F8E3C2A951B77009462D0 /* Kingfisher in Frameworks */,
				725F8DED2A9445F2009462D0 /* SnapKit in Frameworks */,
				725F8E332A950EAA009462D0 /* Alamofire in Frameworks */,
			);
			runOnlyForDeploymentPostprocessing = 0;
		};
/* End PBXFrameworksBuildPhase section */

/* Begin PBXGroup section */
		725F8DCB2A94391B009462D0 = {
			isa = PBXGroup;
			children = (
				725F8DD62A94391B009462D0 /* Week6 */,
				725F8DD52A94391B009462D0 /* Products */,
			);
			sourceTree = "<group>";
		};
		725F8DD52A94391B009462D0 /* Products */ = {
			isa = PBXGroup;
			children = (
				725F8DD42A94391B009462D0 /* Week6.app */,
			);
			name = Products;
			sourceTree = "<group>";
		};
		725F8DD62A94391B009462D0 /* Week6 */ = {
			isa = PBXGroup;
			children = (
				725F8DD72A94391B009462D0 /* AppDelegate.swift */,
				725F8DD92A94391B009462D0 /* SceneDelegate.swift */,
				725F8E132A94A888009462D0 /* Protocol */,
				725F8E182A94AF00009462D0 /* Model */,
				725F8E422A95EC3A009462D0 /* MyTheater */,
				725F8E102A94A6D9009462D0 /* Example */,
				725F8E1C2A94C251009462D0 /* UIComponents */,
				725F8DF02A944653009462D0 /* Test */,
				725F8E0D2A94A5E9009462D0 /* Extension */,
				725F8DDD2A94391B009462D0 /* Main.storyboard */,
				725F8DE02A94391C009462D0 /* Assets.xcassets */,
				725F8DE22A94391C009462D0 /* LaunchScreen.storyboard */,
				725F8DE52A94391C009462D0 /* Info.plist */,
			);
			path = Week6;
			sourceTree = "<group>";
		};
		725F8DF02A944653009462D0 /* Test */ = {
			isa = PBXGroup;
			children = (
				725F8DF72A947925009462D0 /* LocationViewController.swift */,
				725F8DDB2A94391B009462D0 /* ConstraintsViewController.swift */,
				725F8DEE2A94464E009462D0 /* SnapViewController.swift */,
				725F8DF12A945CBD009462D0 /* TextViewController.swift */,
			);
			path = Test;
			sourceTree = "<group>";
		};
		725F8E0D2A94A5E9009462D0 /* Extension */ = {
			isa = PBXGroup;
			children = (
				725F8E0E2A94A5F6009462D0 /* Extension+UIView.swift */,
				725F8E292A94DDCB009462D0 /* Extension+UIViewController.swift */,
			);
			path = Extension;
			sourceTree = "<group>";
		};
		725F8E102A94A6D9009462D0 /* Example */ = {
			isa = PBXGroup;
			children = (
				725F8E112A94A6ED009462D0 /* Example1ViewController.swift */,
				725F8E162A94AB7F009462D0 /* Example2ViewController.swift */,
				725F8E1F2A94DAA8009462D0 /* Example3ViewController.swift */,
				725F8E382A951064009462D0 /* Example3ViewController+CLLocation.swift */,
				725F8E342A951035009462D0 /* Example3ViewController+ConfigureUI.swift */,
				725F8E362A951052009462D0 /* Example3ViewController+TableView.swift */,
			);
			path = Example;
			sourceTree = "<group>";
		};
		725F8E132A94A888009462D0 /* Protocol */ = {
			isa = PBXGroup;
			children = (
				725F8E142A94A891009462D0 /* ConfigureViewProtocol.swift */,
				725F8E272A94DD92009462D0 /* Identifiable.swift */,
			);
			path = Protocol;
			sourceTree = "<group>";
		};
		725F8E182A94AF00009462D0 /* Model */ = {
			isa = PBXGroup;
			children = (
				725F8E192A94AF08009462D0 /* User.swift */,
				725F8E2B2A94EF55009462D0 /* Weather.swift */,
				725F8E452A95EE17009462D0 /* Theater.swift */,
			);
			path = Model;
			sourceTree = "<group>";
		};
		725F8E1C2A94C251009462D0 /* UIComponents */ = {
			isa = PBXGroup;
			children = (
				725F8E212A94DC1B009462D0 /* Example2 */,
				725F8E222A94DC24009462D0 /* Example3 */,
			);
			path = UIComponents;
			sourceTree = "<group>";
		};
		725F8E212A94DC1B009462D0 /* Example2 */ = {
			isa = PBXGroup;
			children = (
				725F8E1D2A94C2B8009462D0 /* KakaoProfileButton.swift */,
			);
			path = Example2;
			sourceTree = "<group>";
		};
		725F8E222A94DC24009462D0 /* Example3 */ = {
			isa = PBXGroup;
			children = (
				725F8E232A94DD6F009462D0 /* HeaderWeatherView.swift */,
				725F8E252A94DD84009462D0 /* WeatherTableViewCell.swift */,
			);
			path = Example3;
			sourceTree = "<group>";
		};
		725F8E422A95EC3A009462D0 /* MyTheater */ = {
			isa = PBXGroup;
			children = (
				725F8E432A95EE0A009462D0 /* TheaterViewController.swift */,
			);
			path = MyTheater;
			sourceTree = "<group>";
		};
/* End PBXGroup section */

/* Begin PBXNativeTarget section */
		725F8DD32A94391B009462D0 /* Week6 */ = {
			isa = PBXNativeTarget;
			buildConfigurationList = 725F8DE82A94391C009462D0 /* Build configuration list for PBXNativeTarget "Week6" */;
			buildPhases = (
				725F8DD02A94391B009462D0 /* Sources */,
				725F8DD12A94391B009462D0 /* Frameworks */,
				725F8DD22A94391B009462D0 /* Resources */,
			);
			buildRules = (
			);
			dependencies = (
			);
			name = Week6;
			packageProductDependencies = (
				725F8DEC2A9445F2009462D0 /* SnapKit */,
				725F8E322A950EAA009462D0 /* Alamofire */,
				725F8E3B2A951B77009462D0 /* Kingfisher */,
			);
			productName = Week6;
			productReference = 725F8DD42A94391B009462D0 /* Week6.app */;
			productType = "com.apple.product-type.application";
		};
/* End PBXNativeTarget section */

/* Begin PBXProject section */
		725F8DCC2A94391B009462D0 /* Project object */ = {
			isa = PBXProject;
			attributes = {
				BuildIndependentTargetsInParallel = 1;
				LastSwiftUpdateCheck = 1430;
				LastUpgradeCheck = 1430;
				TargetAttributes = {
					725F8DD32A94391B009462D0 = {
						CreatedOnToolsVersion = 14.3;
					};
				};
			};
			buildConfigurationList = 725F8DCF2A94391B009462D0 /* Build configuration list for PBXProject "Week6" */;
			compatibilityVersion = "Xcode 14.0";
			developmentRegion = en;
			hasScannedForEncodings = 0;
			knownRegions = (
				en,
				Base,
			);
			mainGroup = 725F8DCB2A94391B009462D0;
			packageReferences = (
				725F8DEB2A9445F2009462D0 /* XCRemoteSwiftPackageReference "SnapKit" */,
				725F8E312A950EAA009462D0 /* XCRemoteSwiftPackageReference "Alamofire" */,
				725F8E3A2A951B77009462D0 /* XCRemoteSwiftPackageReference "Kingfisher" */,
			);
			productRefGroup = 725F8DD52A94391B009462D0 /* Products */;
			projectDirPath = "";
			projectRoot = "";
			targets = (
				725F8DD32A94391B009462D0 /* Week6 */,
			);
		};
/* End PBXProject section */

/* Begin PBXResourcesBuildPhase section */
		725F8DD22A94391B009462D0 /* Resources */ = {
			isa = PBXResourcesBuildPhase;
			buildActionMask = 2147483647;
			files = (
				725F8DE42A94391C009462D0 /* LaunchScreen.storyboard in Resources */,
				725F8DE12A94391C009462D0 /* Assets.xcassets in Resources */,
				725F8DDF2A94391B009462D0 /* Main.storyboard in Resources */,
			);
			runOnlyForDeploymentPostprocessing = 0;
		};
/* End PBXResourcesBuildPhase section */

/* Begin PBXSourcesBuildPhase section */
		725F8DD02A94391B009462D0 /* Sources */ = {
			isa = PBXSourcesBuildPhase;
			buildActionMask = 2147483647;
			files = (
				725F8E262A94DD84009462D0 /* WeatherTableViewCell.swift in Sources */,
				725F8DF22A945CBD009462D0 /* TextViewController.swift in Sources */,
				725F8DEF2A94464E009462D0 /* SnapViewController.swift in Sources */,
				725F8E352A951035009462D0 /* Example3ViewController+ConfigureUI.swift in Sources */,
				725F8E172A94AB7F009462D0 /* Example2ViewController.swift in Sources */,
				725F8E2C2A94EF55009462D0 /* Weather.swift in Sources */,
				725F8E2A2A94DDCB009462D0 /* Extension+UIViewController.swift in Sources */,
				725F8E1E2A94C2B8009462D0 /* KakaoProfileButton.swift in Sources */,
				725F8E242A94DD6F009462D0 /* HeaderWeatherView.swift in Sources */,
				725F8E0F2A94A5F6009462D0 /* Extension+UIView.swift in Sources */,
				725F8E122A94A6ED009462D0 /* Example1ViewController.swift in Sources */,
				725F8DDC2A94391B009462D0 /* ConstraintsViewController.swift in Sources */,
				725F8DF82A947925009462D0 /* LocationViewController.swift in Sources */,
				725F8DD82A94391B009462D0 /* AppDelegate.swift in Sources */,
				725F8E392A951064009462D0 /* Example3ViewController+CLLocation.swift in Sources */,
				725F8DDA2A94391B009462D0 /* SceneDelegate.swift in Sources */,
				725F8E152A94A891009462D0 /* ConfigureViewProtocol.swift in Sources */,
				725F8E282A94DD92009462D0 /* Identifiable.swift in Sources */,
				725F8E442A95EE0A009462D0 /* TheaterViewController.swift in Sources */,
				725F8E202A94DAA8009462D0 /* Example3ViewController.swift in Sources */,
				725F8E462A95EE17009462D0 /* Theater.swift in Sources */,
				725F8E1A2A94AF08009462D0 /* User.swift in Sources */,
				725F8E372A951052009462D0 /* Example3ViewController+TableView.swift in Sources */,
			);
			runOnlyForDeploymentPostprocessing = 0;
		};
/* End PBXSourcesBuildPhase section */

/* Begin PBXVariantGroup section */
		725F8DDD2A94391B009462D0 /* Main.storyboard */ = {
			isa = PBXVariantGroup;
			children = (
				725F8DDE2A94391B009462D0 /* Base */,
			);
			name = Main.storyboard;
			sourceTree = "<group>";
		};
		725F8DE22A94391C009462D0 /* LaunchScreen.storyboard */ = {
			isa = PBXVariantGroup;
			children = (
				725F8DE32A94391C009462D0 /* Base */,
			);
			name = LaunchScreen.storyboard;
			sourceTree = "<group>";
		};
/* End PBXVariantGroup section */

/* Begin XCBuildConfiguration section */
		725F8DE62A94391C009462D0 /* Debug */ = {
			isa = XCBuildConfiguration;
			buildSettings = {
				ALWAYS_SEARCH_USER_PATHS = NO;
				CLANG_ANALYZER_NONNULL = YES;
				CLANG_ANALYZER_NUMBER_OBJECT_CONVERSION = YES_AGGRESSIVE;
				CLANG_CXX_LANGUAGE_STANDARD = "gnu++20";
				CLANG_ENABLE_MODULES = YES;
				CLANG_ENABLE_OBJC_ARC = YES;
				CLANG_ENABLE_OBJC_WEAK = YES;
				CLANG_WARN_BLOCK_CAPTURE_AUTORELEASING = YES;
				CLANG_WARN_BOOL_CONVERSION = YES;
				CLANG_WARN_COMMA = YES;
				CLANG_WARN_CONSTANT_CONVERSION = YES;
				CLANG_WARN_DEPRECATED_OBJC_IMPLEMENTATIONS = YES;
				CLANG_WARN_DIRECT_OBJC_ISA_USAGE = YES_ERROR;
				CLANG_WARN_DOCUMENTATION_COMMENTS = YES;
				CLANG_WARN_EMPTY_BODY = YES;
				CLANG_WARN_ENUM_CONVERSION = YES;
				CLANG_WARN_INFINITE_RECURSION = YES;
				CLANG_WARN_INT_CONVERSION = YES;
				CLANG_WARN_NON_LITERAL_NULL_CONVERSION = YES;
				CLANG_WARN_OBJC_IMPLICIT_RETAIN_SELF = YES;
				CLANG_WARN_OBJC_LITERAL_CONVERSION = YES;
				CLANG_WARN_OBJC_ROOT_CLASS = YES_ERROR;
				CLANG_WARN_QUOTED_INCLUDE_IN_FRAMEWORK_HEADER = YES;
				CLANG_WARN_RANGE_LOOP_ANALYSIS = YES;
				CLANG_WARN_STRICT_PROTOTYPES = YES;
				CLANG_WARN_SUSPICIOUS_MOVE = YES;
				CLANG_WARN_UNGUARDED_AVAILABILITY = YES_AGGRESSIVE;
				CLANG_WARN_UNREACHABLE_CODE = YES;
				CLANG_WARN__DUPLICATE_METHOD_MATCH = YES;
				COPY_PHASE_STRIP = NO;
				DEBUG_INFORMATION_FORMAT = dwarf;
				ENABLE_STRICT_OBJC_MSGSEND = YES;
				ENABLE_TESTABILITY = YES;
				GCC_C_LANGUAGE_STANDARD = gnu11;
				GCC_DYNAMIC_NO_PIC = NO;
				GCC_NO_COMMON_BLOCKS = YES;
				GCC_OPTIMIZATION_LEVEL = 0;
				GCC_PREPROCESSOR_DEFINITIONS = (
					"DEBUG=1",
					"$(inherited)",
				);
				GCC_WARN_64_TO_32_BIT_CONVERSION = YES;
				GCC_WARN_ABOUT_RETURN_TYPE = YES_ERROR;
				GCC_WARN_UNDECLARED_SELECTOR = YES;
				GCC_WARN_UNINITIALIZED_AUTOS = YES_AGGRESSIVE;
				GCC_WARN_UNUSED_FUNCTION = YES;
				GCC_WARN_UNUSED_VARIABLE = YES;
				IPHONEOS_DEPLOYMENT_TARGET = 16.4;
				MTL_ENABLE_DEBUG_INFO = INCLUDE_SOURCE;
				MTL_FAST_MATH = YES;
				ONLY_ACTIVE_ARCH = YES;
				SDKROOT = iphoneos;
				SWIFT_ACTIVE_COMPILATION_CONDITIONS = DEBUG;
				SWIFT_OPTIMIZATION_LEVEL = "-Onone";
			};
			name = Debug;
		};
		725F8DE72A94391C009462D0 /* Release */ = {
			isa = XCBuildConfiguration;
			buildSettings = {
				ALWAYS_SEARCH_USER_PATHS = NO;
				CLANG_ANALYZER_NONNULL = YES;
				CLANG_ANALYZER_NUMBER_OBJECT_CONVERSION = YES_AGGRESSIVE;
				CLANG_CXX_LANGUAGE_STANDARD = "gnu++20";
				CLANG_ENABLE_MODULES = YES;
				CLANG_ENABLE_OBJC_ARC = YES;
				CLANG_ENABLE_OBJC_WEAK = YES;
				CLANG_WARN_BLOCK_CAPTURE_AUTORELEASING = YES;
				CLANG_WARN_BOOL_CONVERSION = YES;
				CLANG_WARN_COMMA = YES;
				CLANG_WARN_CONSTANT_CONVERSION = YES;
				CLANG_WARN_DEPRECATED_OBJC_IMPLEMENTATIONS = YES;
				CLANG_WARN_DIRECT_OBJC_ISA_USAGE = YES_ERROR;
				CLANG_WARN_DOCUMENTATION_COMMENTS = YES;
				CLANG_WARN_EMPTY_BODY = YES;
				CLANG_WARN_ENUM_CONVERSION = YES;
				CLANG_WARN_INFINITE_RECURSION = YES;
				CLANG_WARN_INT_CONVERSION = YES;
				CLANG_WARN_NON_LITERAL_NULL_CONVERSION = YES;
				CLANG_WARN_OBJC_IMPLICIT_RETAIN_SELF = YES;
				CLANG_WARN_OBJC_LITERAL_CONVERSION = YES;
				CLANG_WARN_OBJC_ROOT_CLASS = YES_ERROR;
				CLANG_WARN_QUOTED_INCLUDE_IN_FRAMEWORK_HEADER = YES;
				CLANG_WARN_RANGE_LOOP_ANALYSIS = YES;
				CLANG_WARN_STRICT_PROTOTYPES = YES;
				CLANG_WARN_SUSPICIOUS_MOVE = YES;
				CLANG_WARN_UNGUARDED_AVAILABILITY = YES_AGGRESSIVE;
				CLANG_WARN_UNREACHABLE_CODE = YES;
				CLANG_WARN__DUPLICATE_METHOD_MATCH = YES;
				COPY_PHASE_STRIP = NO;
				DEBUG_INFORMATION_FORMAT = "dwarf-with-dsym";
				ENABLE_NS_ASSERTIONS = NO;
				ENABLE_STRICT_OBJC_MSGSEND = YES;
				GCC_C_LANGUAGE_STANDARD = gnu11;
				GCC_NO_COMMON_BLOCKS = YES;
				GCC_WARN_64_TO_32_BIT_CONVERSION = YES;
				GCC_WARN_ABOUT_RETURN_TYPE = YES_ERROR;
				GCC_WARN_UNDECLARED_SELECTOR = YES;
				GCC_WARN_UNINITIALIZED_AUTOS = YES_AGGRESSIVE;
				GCC_WARN_UNUSED_FUNCTION = YES;
				GCC_WARN_UNUSED_VARIABLE = YES;
				IPHONEOS_DEPLOYMENT_TARGET = 16.4;
				MTL_ENABLE_DEBUG_INFO = NO;
				MTL_FAST_MATH = YES;
				SDKROOT = iphoneos;
				SWIFT_COMPILATION_MODE = wholemodule;
				SWIFT_OPTIMIZATION_LEVEL = "-O";
				VALIDATE_PRODUCT = YES;
			};
			name = Release;
		};
		725F8DE92A94391C009462D0 /* Debug */ = {
			isa = XCBuildConfiguration;
			buildSettings = {
				ASSETCATALOG_COMPILER_APPICON_NAME = AppIcon;
				ASSETCATALOG_COMPILER_GLOBAL_ACCENT_COLOR_NAME = AccentColor;
				CODE_SIGN_STYLE = Automatic;
				CURRENT_PROJECT_VERSION = 1;
				GENERATE_INFOPLIST_FILE = YES;
				INFOPLIST_FILE = Week6/Info.plist;
				INFOPLIST_KEY_UIApplicationSupportsIndirectInputEvents = YES;
				INFOPLIST_KEY_UILaunchStoryboardName = LaunchScreen;
				INFOPLIST_KEY_UIMainStoryboardFile = Main;
				INFOPLIST_KEY_UISupportedInterfaceOrientations_iPad = "UIInterfaceOrientationPortrait UIInterfaceOrientationPortraitUpsideDown UIInterfaceOrientationLandscapeLeft UIInterfaceOrientationLandscapeRight";
				INFOPLIST_KEY_UISupportedInterfaceOrientations_iPhone = "UIInterfaceOrientationPortrait UIInterfaceOrientationLandscapeLeft UIInterfaceOrientationLandscapeRight";
				LD_RUNPATH_SEARCH_PATHS = (
					"$(inherited)",
					"@executable_path/Frameworks",
				);
				MARKETING_VERSION = 1.0;
				PRODUCT_BUNDLE_IDENTIFIER = com.Week6;
				PRODUCT_NAME = "$(TARGET_NAME)";
				SWIFT_EMIT_LOC_STRINGS = YES;
				SWIFT_VERSION = 5.0;
				TARGETED_DEVICE_FAMILY = "1,2";
			};
			name = Debug;
		};
		725F8DEA2A94391C009462D0 /* Release */ = {
			isa = XCBuildConfiguration;
			buildSettings = {
				ASSETCATALOG_COMPILER_APPICON_NAME = AppIcon;
				ASSETCATALOG_COMPILER_GLOBAL_ACCENT_COLOR_NAME = AccentColor;
				CODE_SIGN_STYLE = Automatic;
				CURRENT_PROJECT_VERSION = 1;
				GENERATE_INFOPLIST_FILE = YES;
				INFOPLIST_FILE = Week6/Info.plist;
				INFOPLIST_KEY_UIApplicationSupportsIndirectInputEvents = YES;
				INFOPLIST_KEY_UILaunchStoryboardName = LaunchScreen;
				INFOPLIST_KEY_UIMainStoryboardFile = Main;
				INFOPLIST_KEY_UISupportedInterfaceOrientations_iPad = "UIInterfaceOrientationPortrait UIInterfaceOrientationPortraitUpsideDown UIInterfaceOrientationLandscapeLeft UIInterfaceOrientationLandscapeRight";
				INFOPLIST_KEY_UISupportedInterfaceOrientations_iPhone = "UIInterfaceOrientationPortrait UIInterfaceOrientationLandscapeLeft UIInterfaceOrientationLandscapeRight";
				LD_RUNPATH_SEARCH_PATHS = (
					"$(inherited)",
					"@executable_path/Frameworks",
				);
				MARKETING_VERSION = 1.0;
				PRODUCT_BUNDLE_IDENTIFIER = com.Week6;
				PRODUCT_NAME = "$(TARGET_NAME)";
				SWIFT_EMIT_LOC_STRINGS = YES;
				SWIFT_VERSION = 5.0;
				TARGETED_DEVICE_FAMILY = "1,2";
			};
			name = Release;
		};
/* End XCBuildConfiguration section */

/* Begin XCConfigurationList section */
		725F8DCF2A94391B009462D0 /* Build configuration list for PBXProject "Week6" */ = {
			isa = XCConfigurationList;
			buildConfigurations = (
				725F8DE62A94391C009462D0 /* Debug */,
				725F8DE72A94391C009462D0 /* Release */,
			);
			defaultConfigurationIsVisible = 0;
			defaultConfigurationName = Release;
		};
		725F8DE82A94391C009462D0 /* Build configuration list for PBXNativeTarget "Week6" */ = {
			isa = XCConfigurationList;
			buildConfigurations = (
				725F8DE92A94391C009462D0 /* Debug */,
				725F8DEA2A94391C009462D0 /* Release */,
			);
			defaultConfigurationIsVisible = 0;
			defaultConfigurationName = Release;
		};
/* End XCConfigurationList section */

/* Begin XCRemoteSwiftPackageReference section */
		725F8DEB2A9445F2009462D0 /* XCRemoteSwiftPackageReference "SnapKit" */ = {
			isa = XCRemoteSwiftPackageReference;
			repositoryURL = "https://github.com/SnapKit/SnapKit.git";
			requirement = {
				kind = upToNextMajorVersion;
				minimumVersion = 5.0.0;
			};
		};
		725F8E312A950EAA009462D0 /* XCRemoteSwiftPackageReference "Alamofire" */ = {
			isa = XCRemoteSwiftPackageReference;
			repositoryURL = "https://github.com/Alamofire/Alamofire.git";
			requirement = {
				kind = upToNextMajorVersion;
				minimumVersion = 5.0.0;
			};
		};
		725F8E3A2A951B77009462D0 /* XCRemoteSwiftPackageReference "Kingfisher" */ = {
			isa = XCRemoteSwiftPackageReference;
			repositoryURL = "https://github.com/onevcat/Kingfisher.git";
			requirement = {
				kind = upToNextMajorVersion;
				minimumVersion = 7.0.0;
			};
		};
/* End XCRemoteSwiftPackageReference section */

/* Begin XCSwiftPackageProductDependency section */
		725F8DEC2A9445F2009462D0 /* SnapKit */ = {
			isa = XCSwiftPackageProductDependency;
			package = 725F8DEB2A9445F2009462D0 /* XCRemoteSwiftPackageReference "SnapKit" */;
			productName = SnapKit;
		};
		725F8E322A950EAA009462D0 /* Alamofire */ = {
			isa = XCSwiftPackageProductDependency;
			package = 725F8E312A950EAA009462D0 /* XCRemoteSwiftPackageReference "Alamofire" */;
			productName = Alamofire;
		};
		725F8E3B2A951B77009462D0 /* Kingfisher */ = {
			isa = XCSwiftPackageProductDependency;
			package = 725F8E3A2A951B77009462D0 /* XCRemoteSwiftPackageReference "Kingfisher" */;
			productName = Kingfisher;
		};
/* End XCSwiftPackageProductDependency section */
	};
	rootObject = 725F8DCC2A94391B009462D0 /* Project object */;
}
